
Microsoft Visual Studio Solution File, Format Version 12.00
# Visual Studio 14
VisualStudioVersion = 14.0.25420.1
MinimumVisualStudioVersion = 10.0.40219.1
Project("{FAE04EC0-301F-11D3-BF4B-00C04F79EFBC}") = "Guru.Android", "Guru\Guru.Android\Guru.Android.csproj", "{74E0FBA7-4A18-45E3-8FA2-1E2B724012CE}"
EndProject
Project("{FAE04EC0-301F-11D3-BF4B-00C04F79EFBC}") = "Guru", "Guru\Guru\Guru.csproj", "{840FA028-BF7A-4BA8-B42C-09C5B4D3B6E7}"
EndProject
Project("{FAE04EC0-301F-11D3-BF4B-00C04F79EFBC}") = "Guru.UWP", "Guru\Guru.UWP\Guru.UWP.csproj", "{C0F1E87B-D614-4DA6-B3C3-F31117D2DE0C}"
EndProject
Project("{FAE04EC0-301F-11D3-BF4B-00C04F79EFBC}") = "Guru.iOS", "Guru\Guru.iOS\Guru.iOS.csproj", "{BF3AFD14-2087-41F6-9730-882224C8D4BE}"
EndProject
Global
	GlobalSection(SolutionConfigurationPlatforms) = preSolution
		Ad-Hoc|Any CPU = Ad-Hoc|Any CPU
		Ad-Hoc|ARM = Ad-Hoc|ARM
		Ad-Hoc|iPhone = Ad-Hoc|iPhone
		Ad-Hoc|iPhoneSimulator = Ad-Hoc|iPhoneSimulator
		Ad-Hoc|x64 = Ad-Hoc|x64
		Ad-Hoc|x86 = Ad-Hoc|x86
		AppStore|Any CPU = AppStore|Any CPU
		AppStore|ARM = AppStore|ARM
		AppStore|iPhone = AppStore|iPhone
		AppStore|iPhoneSimulator = AppStore|iPhoneSimulator
		AppStore|x64 = AppStore|x64
		AppStore|x86 = AppStore|x86
		Debug|Any CPU = Debug|Any CPU
		Debug|ARM = Debug|ARM
		Debug|iPhone = Debug|iPhone
		Debug|iPhoneSimulator = Debug|iPhoneSimulator
		Debug|x64 = Debug|x64
		Debug|x86 = Debug|x86
		Release|Any CPU = Release|Any CPU
		Release|ARM = Release|ARM
		Release|iPhone = Release|iPhone
		Release|iPhoneSimulator = Release|iPhoneSimulator
		Release|x64 = Release|x64
		Release|x86 = Release|x86
	EndGlobalSection
	GlobalSection(ProjectConfigurationPlatforms) = postSolution
		{74E0FBA7-4A18-45E3-8FA2-1E2B724012CE}.Ad-Hoc|Any CPU.ActiveCfg = Release|Any CPU
		{74E0FBA7-4A18-45E3-8FA2-1E2B724012CE}.Ad-Hoc|Any CPU.Build.0 = Release|Any CPU
		{74E0FBA7-4A18-45E3-8FA2-1E2B724012CE}.Ad-Hoc|Any CPU.Deploy.0 = Release|Any CPU
		{74E0FBA7-4A18-45E3-8FA2-1E2B724012CE}.Ad-Hoc|ARM.ActiveCfg = Release|Any CPU
		{74E0FBA7-4A18-45E3-8FA2-1E2B724012CE}.Ad-Hoc|ARM.Build.0 = Release|Any CPU
		{74E0FBA7-4A18-45E3-8FA2-1E2B724012CE}.Ad-Hoc|ARM.Deploy.0 = Release|Any CPU
		{74E0FBA7-4A18-45E3-8FA2-1E2B724012CE}.Ad-Hoc|iPhone.ActiveCfg = Release|Any CPU
		{74E0FBA7-4A18-45E3-8FA2-1E2B724012CE}.Ad-Hoc|iPhone.Build.0 = Release|Any CPU
		{74E0FBA7-4A18-45E3-8FA2-1E2B724012CE}.Ad-Hoc|iPhone.Deploy.0 = Release|Any CPU
		{74E0FBA7-4A18-45E3-8FA2-1E2B724012CE}.Ad-Hoc|iPhoneSimulator.ActiveCfg = Release|Any CPU
		{74E0FBA7-4A18-45E3-8FA2-1E2B724012CE}.Ad-Hoc|iPhoneSimulator.Build.0 = Release|Any CPU
		{74E0FBA7-4A18-45E3-8FA2-1E2B724012CE}.Ad-Hoc|iPhoneSimulator.Deploy.0 = Release|Any CPU
		{74E0FBA7-4A18-45E3-8FA2-1E2B724012CE}.Ad-Hoc|x64.ActiveCfg = Release|Any CPU
		{74E0FBA7-4A18-45E3-8FA2-1E2B724012CE}.Ad-Hoc|x64.Build.0 = Release|Any CPU
		{74E0FBA7-4A18-45E3-8FA2-1E2B724012CE}.Ad-Hoc|x64.Deploy.0 = Release|Any CPU
		{74E0FBA7-4A18-45E3-8FA2-1E2B724012CE}.Ad-Hoc|x86.ActiveCfg = Release|Any CPU
		{74E0FBA7-4A18-45E3-8FA2-1E2B724012CE}.Ad-Hoc|x86.Build.0 = Release|Any CPU
		{74E0FBA7-4A18-45E3-8FA2-1E2B724012CE}.Ad-Hoc|x86.Deploy.0 = Release|Any CPU
		{74E0FBA7-4A18-45E3-8FA2-1E2B724012CE}.AppStore|Any CPU.ActiveCfg = Release|Any CPU
		{74E0FBA7-4A18-45E3-8FA2-1E2B724012CE}.AppStore|Any CPU.Build.0 = Release|Any CPU
		{74E0FBA7-4A18-45E3-8FA2-1E2B724012CE}.AppStore|Any CPU.Deploy.0 = Release|Any CPU
		{74E0FBA7-4A18-45E3-8FA2-1E2B724012CE}.AppStore|ARM.ActiveCfg = Release|Any CPU
		{74E0FBA7-4A18-45E3-8FA2-1E2B724012CE}.AppStore|ARM.Build.0 = Release|Any CPU
		{74E0FBA7-4A18-45E3-8FA2-1E2B724012CE}.AppStore|ARM.Deploy.0 = Release|Any CPU
		{74E0FBA7-4A18-45E3-8FA2-1E2B724012CE}.AppStore|iPhone.ActiveCfg = Release|Any CPU
		{74E0FBA7-4A18-45E3-8FA2-1E2B724012CE}.AppStore|iPhone.Build.0 = Release|Any CPU
		{74E0FBA7-4A18-45E3-8FA2-1E2B724012CE}.AppStore|iPhone.Deploy.0 = Release|Any CPU
		{74E0FBA7-4A18-45E3-8FA2-1E2B724012CE}.AppStore|iPhoneSimulator.ActiveCfg = Release|Any CPU
		{74E0FBA7-4A18-45E3-8FA2-1E2B724012CE}.AppStore|iPhoneSimulator.Build.0 = Release|Any CPU
		{74E0FBA7-4A18-45E3-8FA2-1E2B724012CE}.AppStore|iPhoneSimulator.Deploy.0 = Release|Any CPU
		{74E0FBA7-4A18-45E3-8FA2-1E2B724012CE}.AppStore|x64.ActiveCfg = Release|Any CPU
		{74E0FBA7-4A18-45E3-8FA2-1E2B724012CE}.AppStore|x64.Build.0 = Release|Any CPU
		{74E0FBA7-4A18-45E3-8FA2-1E2B724012CE}.AppStore|x64.Deploy.0 = Release|Any CPU
		{74E0FBA7-4A18-45E3-8FA2-1E2B724012CE}.AppStore|x86.ActiveCfg = Release|Any CPU
		{74E0FBA7-4A18-45E3-8FA2-1E2B724012CE}.AppStore|x86.Build.0 = Release|Any CPU
		{74E0FBA7-4A18-45E3-8FA2-1E2B724012CE}.AppStore|x86.Deploy.0 = Release|Any CPU
		{74E0FBA7-4A18-45E3-8FA2-1E2B724012CE}.Debug|Any CPU.ActiveCfg = Debug|Any CPU
		{74E0FBA7-4A18-45E3-8FA2-1E2B724012CE}.Debug|Any CPU.Build.0 = Debug|Any CPU
		{74E0FBA7-4A18-45E3-8FA2-1E2B724012CE}.Debug|Any CPU.Deploy.0 = Debug|Any CPU
		{74E0FBA7-4A18-45E3-8FA2-1E2B724012CE}.Debug|ARM.ActiveCfg = Debug|Any CPU
		{74E0FBA7-4A18-45E3-8FA2-1E2B724012CE}.Debug|ARM.Build.0 = Debug|Any CPU
		{74E0FBA7-4A18-45E3-8FA2-1E2B724012CE}.Debug|ARM.Deploy.0 = Debug|Any CPU
		{74E0FBA7-4A18-45E3-8FA2-1E2B724012CE}.Debug|iPhone.ActiveCfg = Debug|Any CPU
		{74E0FBA7-4A18-45E3-8FA2-1E2B724012CE}.Debug|iPhone.Build.0 = Debug|Any CPU
		{74E0FBA7-4A18-45E3-8FA2-1E2B724012CE}.Debug|iPhone.Deploy.0 = Debug|Any CPU
		{74E0FBA7-4A18-45E3-8FA2-1E2B724012CE}.Debug|iPhoneSimulator.ActiveCfg = Debug|Any CPU
		{74E0FBA7-4A18-45E3-8FA2-1E2B724012CE}.Debug|iPhoneSimulator.Build.0 = Debug|Any CPU
		{74E0FBA7-4A18-45E3-8FA2-1E2B724012CE}.Debug|iPhoneSimulator.Deploy.0 = Debug|Any CPU
		{74E0FBA7-4A18-45E3-8FA2-1E2B724012CE}.Debug|x64.ActiveCfg = Debug|Any CPU
		{74E0FBA7-4A18-45E3-8FA2-1E2B724012CE}.Debug|x64.Build.0 = Debug|Any CPU
		{74E0FBA7-4A18-45E3-8FA2-1E2B724012CE}.Debug|x64.Deploy.0 = Debug|Any CPU
		{74E0FBA7-4A18-45E3-8FA2-1E2B724012CE}.Debug|x86.ActiveCfg = Debug|Any CPU
		{74E0FBA7-4A18-45E3-8FA2-1E2B724012CE}.Debug|x86.Build.0 = Debug|Any CPU
		{74E0FBA7-4A18-45E3-8FA2-1E2B724012CE}.Debug|x86.Deploy.0 = Debug|Any CPU
		{74E0FBA7-4A18-45E3-8FA2-1E2B724012CE}.Release|Any CPU.ActiveCfg = Release|Any CPU
		{74E0FBA7-4A18-45E3-8FA2-1E2B724012CE}.Release|Any CPU.Build.0 = Release|Any CPU
		{74E0FBA7-4A18-45E3-8FA2-1E2B724012CE}.Release|Any CPU.Deploy.0 = Release|Any CPU
		{74E0FBA7-4A18-45E3-8FA2-1E2B724012CE}.Release|ARM.ActiveCfg = Release|Any CPU
		{74E0FBA7-4A18-45E3-8FA2-1E2B724012CE}.Release|ARM.Build.0 = Release|Any CPU
		{74E0FBA7-4A18-45E3-8FA2-1E2B724012CE}.Release|ARM.Deploy.0 = Release|Any CPU
		{74E0FBA7-4A18-45E3-8FA2-1E2B724012CE}.Release|iPhone.ActiveCfg = Release|Any CPU
		{74E0FBA7-4A18-45E3-8FA2-1E2B724012CE}.Release|iPhone.Build.0 = Release|Any CPU
		{74E0FBA7-4A18-45E3-8FA2-1E2B724012CE}.Release|iPhone.Deploy.0 = Release|Any CPU
		{74E0FBA7-4A18-45E3-8FA2-1E2B724012CE}.Release|iPhoneSimulator.ActiveCfg = Release|Any CPU
		{74E0FBA7-4A18-45E3-8FA2-1E2B724012CE}.Release|iPhoneSimulator.Build.0 = Release|Any CPU
		{74E0FBA7-4A18-45E3-8FA2-1E2B724012CE}.Release|iPhoneSimulator.Deploy.0 = Release|Any CPU
		{74E0FBA7-4A18-45E3-8FA2-1E2B724012CE}.Release|x64.ActiveCfg = Release|Any CPU
		{74E0FBA7-4A18-45E3-8FA2-1E2B724012CE}.Release|x64.Build.0 = Release|Any CPU
		{74E0FBA7-4A18-45E3-8FA2-1E2B724012CE}.Release|x64.Deploy.0 = Release|Any CPU
		{74E0FBA7-4A18-45E3-8FA2-1E2B724012CE}.Release|x86.ActiveCfg = Release|Any CPU
		{74E0FBA7-4A18-45E3-8FA2-1E2B724012CE}.Release|x86.Build.0 = Release|Any CPU
		{74E0FBA7-4A18-45E3-8FA2-1E2B724012CE}.Release|x86.Deploy.0 = Release|Any CPU
		{840FA028-BF7A-4BA8-B42C-09C5B4D3B6E7}.Ad-Hoc|Any CPU.ActiveCfg = Release|Any CPU
		{840FA028-BF7A-4BA8-B42C-09C5B4D3B6E7}.Ad-Hoc|Any CPU.Build.0 = Release|Any CPU
		{840FA028-BF7A-4BA8-B42C-09C5B4D3B6E7}.Ad-Hoc|ARM.ActiveCfg = Release|Any CPU
		{840FA028-BF7A-4BA8-B42C-09C5B4D3B6E7}.Ad-Hoc|ARM.Build.0 = Release|Any CPU
		{840FA028-BF7A-4BA8-B42C-09C5B4D3B6E7}.Ad-Hoc|iPhone.ActiveCfg = Release|Any CPU
		{840FA028-BF7A-4BA8-B42C-09C5B4D3B6E7}.Ad-Hoc|iPhone.Build.0 = Release|Any CPU
		{840FA028-BF7A-4BA8-B42C-09C5B4D3B6E7}.Ad-Hoc|iPhoneSimulator.ActiveCfg = Release|Any CPU
		{840FA028-BF7A-4BA8-B42C-09C5B4D3B6E7}.Ad-Hoc|iPhoneSimulator.Build.0 = Release|Any CPU
		{840FA028-BF7A-4BA8-B42C-09C5B4D3B6E7}.Ad-Hoc|x64.ActiveCfg = Release|Any CPU
		{840FA028-BF7A-4BA8-B42C-09C5B4D3B6E7}.Ad-Hoc|x64.Build.0 = Release|Any CPU
		{840FA028-BF7A-4BA8-B42C-09C5B4D3B6E7}.Ad-Hoc|x86.ActiveCfg = Release|Any CPU
		{840FA028-BF7A-4BA8-B42C-09C5B4D3B6E7}.Ad-Hoc|x86.Build.0 = Release|Any CPU
		{840FA028-BF7A-4BA8-B42C-09C5B4D3B6E7}.AppStore|Any CPU.ActiveCfg = Release|Any CPU
		{840FA028-BF7A-4BA8-B42C-09C5B4D3B6E7}.AppStore|Any CPU.Build.0 = Release|Any CPU
		{840FA028-BF7A-4BA8-B42C-09C5B4D3B6E7}.AppStore|ARM.ActiveCfg = Release|Any CPU
		{840FA028-BF7A-4BA8-B42C-09C5B4D3B6E7}.AppStore|ARM.Build.0 = Release|Any CPU
		{840FA028-BF7A-4BA8-B42C-09C5B4D3B6E7}.AppStore|iPhone.ActiveCfg = Release|Any CPU
		{840FA028-BF7A-4BA8-B42C-09C5B4D3B6E7}.AppStore|iPhone.Build.0 = Release|Any CPU
		{840FA028-BF7A-4BA8-B42C-09C5B4D3B6E7}.AppStore|iPhoneSimulator.ActiveCfg = Release|Any CPU
		{840FA028-BF7A-4BA8-B42C-09C5B4D3B6E7}.AppStore|iPhoneSimulator.Build.0 = Release|Any CPU
		{840FA028-BF7A-4BA8-B42C-09C5B4D3B6E7}.AppStore|x64.ActiveCfg = Release|Any CPU
		{840FA028-BF7A-4BA8-B42C-09C5B4D3B6E7}.AppStore|x64.Build.0 = Release|Any CPU
		{840FA028-BF7A-4BA8-B42C-09C5B4D3B6E7}.AppStore|x86.ActiveCfg = Release|Any CPU
		{840FA028-BF7A-4BA8-B42C-09C5B4D3B6E7}.AppStore|x86.Build.0 = Release|Any CPU
		{840FA028-BF7A-4BA8-B42C-09C5B4D3B6E7}.Debug|Any CPU.ActiveCfg = Debug|Any CPU
		{840FA028-BF7A-4BA8-B42C-09C5B4D3B6E7}.Debug|Any CPU.Build.0 = Debug|Any CPU
		{840FA028-BF7A-4BA8-B42C-09C5B4D3B6E7}.Debug|ARM.ActiveCfg = Debug|Any CPU
		{840FA028-BF7A-4BA8-B42C-09C5B4D3B6E7}.Debug|ARM.Build.0 = Debug|Any CPU
		{840FA028-BF7A-4BA8-B42C-09C5B4D3B6E7}.Debug|iPhone.ActiveCfg = Debug|Any CPU
		{840FA028-BF7A-4BA8-B42C-09C5B4D3B6E7}.Debug|iPhone.Build.0 = Debug|Any CPU
		{840FA028-BF7A-4BA8-B42C-09C5B4D3B6E7}.Debug|iPhoneSimulator.ActiveCfg = Debug|Any CPU
		{840FA028-BF7A-4BA8-B42C-09C5B4D3B6E7}.Debug|iPhoneSimulator.Build.0 = Debug|Any CPU
		{840FA028-BF7A-4BA8-B42C-09C5B4D3B6E7}.Debug|x64.ActiveCfg = Debug|Any CPU
		{840FA028-BF7A-4BA8-B42C-09C5B4D3B6E7}.Debug|x64.Build.0 = Debug|Any CPU
		{840FA028-BF7A-4BA8-B42C-09C5B4D3B6E7}.Debug|x86.ActiveCfg = Debug|Any CPU
		{840FA028-BF7A-4BA8-B42C-09C5B4D3B6E7}.Debug|x86.Build.0 = Debug|Any CPU
		{840FA028-BF7A-4BA8-B42C-09C5B4D3B6E7}.Release|Any CPU.ActiveCfg = Release|Any CPU
		{840FA028-BF7A-4BA8-B42C-09C5B4D3B6E7}.Release|Any CPU.Build.0 = Release|Any CPU
		{840FA028-BF7A-4BA8-B42C-09C5B4D3B6E7}.Release|ARM.ActiveCfg = Release|Any CPU
		{840FA028-BF7A-4BA8-B42C-09C5B4D3B6E7}.Release|ARM.Build.0 = Release|Any CPU
		{840FA028-BF7A-4BA8-B42C-09C5B4D3B6E7}.Release|iPhone.ActiveCfg = Release|Any CPU
		{840FA028-BF7A-4BA8-B42C-09C5B4D3B6E7}.Release|iPhone.Build.0 = Release|Any CPU
		{840FA028-BF7A-4BA8-B42C-09C5B4D3B6E7}.Release|iPhoneSimulator.ActiveCfg = Release|Any CPU
		{840FA028-BF7A-4BA8-B42C-09C5B4D3B6E7}.Release|iPhoneSimulator.Build.0 = Release|Any CPU
		{840FA028-BF7A-4BA8-B42C-09C5B4D3B6E7}.Release|x64.ActiveCfg = Release|Any CPU
		{840FA028-BF7A-4BA8-B42C-09C5B4D3B6E7}.Release|x64.Build.0 = Release|Any CPU
		{840FA028-BF7A-4BA8-B42C-09C5B4D3B6E7}.Release|x86.ActiveCfg = Release|Any CPU
		{840FA028-BF7A-4BA8-B42C-09C5B4D3B6E7}.Release|x86.Build.0 = Release|Any CPU
		{C0F1E87B-D614-4DA6-B3C3-F31117D2DE0C}.Ad-Hoc|Any CPU.ActiveCfg = Release|x86
		{C0F1E87B-D614-4DA6-B3C3-F31117D2DE0C}.Ad-Hoc|Any CPU.Build.0 = Release|x86
		{C0F1E87B-D614-4DA6-B3C3-F31117D2DE0C}.Ad-Hoc|Any CPU.Deploy.0 = Release|x86
		{C0F1E87B-D614-4DA6-B3C3-F31117D2DE0C}.Ad-Hoc|ARM.ActiveCfg = Release|ARM
		{C0F1E87B-D614-4DA6-B3C3-F31117D2DE0C}.Ad-Hoc|ARM.Build.0 = Release|ARM
		{C0F1E87B-D614-4DA6-B3C3-F31117D2DE0C}.Ad-Hoc|ARM.Deploy.0 = Release|ARM
		{C0F1E87B-D614-4DA6-B3C3-F31117D2DE0C}.Ad-Hoc|iPhone.ActiveCfg = Release|x86
		{C0F1E87B-D614-4DA6-B3C3-F31117D2DE0C}.Ad-Hoc|iPhone.Build.0 = Release|x86
		{C0F1E87B-D614-4DA6-B3C3-F31117D2DE0C}.Ad-Hoc|iPhone.Deploy.0 = Release|x86
		{C0F1E87B-D614-4DA6-B3C3-F31117D2DE0C}.Ad-Hoc|iPhoneSimulator.ActiveCfg = Release|x86
		{C0F1E87B-D614-4DA6-B3C3-F31117D2DE0C}.Ad-Hoc|iPhoneSimulator.Build.0 = Release|x86
		{C0F1E87B-D614-4DA6-B3C3-F31117D2DE0C}.Ad-Hoc|iPhoneSimulator.Deploy.0 = Release|x86
		{C0F1E87B-D614-4DA6-B3C3-F31117D2DE0C}.Ad-Hoc|x64.ActiveCfg = Release|x64
		{C0F1E87B-D614-4DA6-B3C3-F31117D2DE0C}.Ad-Hoc|x64.Build.0 = Release|x64
		{C0F1E87B-D614-4DA6-B3C3-F31117D2DE0C}.Ad-Hoc|x64.Deploy.0 = Release|x64
		{C0F1E87B-D614-4DA6-B3C3-F31117D2DE0C}.Ad-Hoc|x86.ActiveCfg = Release|x86
		{C0F1E87B-D614-4DA6-B3C3-F31117D2DE0C}.Ad-Hoc|x86.Build.0 = Release|x86
		{C0F1E87B-D614-4DA6-B3C3-F31117D2DE0C}.Ad-Hoc|x86.Deploy.0 = Release|x86
		{C0F1E87B-D614-4DA6-B3C3-F31117D2DE0C}.AppStore|Any CPU.ActiveCfg = Release|x86
		{C0F1E87B-D614-4DA6-B3C3-F31117D2DE0C}.AppStore|Any CPU.Build.0 = Release|x86
		{C0F1E87B-D614-4DA6-B3C3-F31117D2DE0C}.AppStore|Any CPU.Deploy.0 = Release|x86
		{C0F1E87B-D614-4DA6-B3C3-F31117D2DE0C}.AppStore|ARM.ActiveCfg = Release|ARM
		{C0F1E87B-D614-4DA6-B3C3-F31117D2DE0C}.AppStore|ARM.Build.0 = Release|ARM
		{C0F1E87B-D614-4DA6-B3C3-F31117D2DE0C}.AppStore|ARM.Deploy.0 = Release|ARM
		{C0F1E87B-D614-4DA6-B3C3-F31117D2DE0C}.AppStore|iPhone.ActiveCfg = Release|x86
		{C0F1E87B-D614-4DA6-B3C3-F31117D2DE0C}.AppStore|iPhone.Build.0 = Release|x86
		{C0F1E87B-D614-4DA6-B3C3-F31117D2DE0C}.AppStore|iPhone.Deploy.0 = Release|x86
		{C0F1E87B-D614-4DA6-B3C3-F31117D2DE0C}.AppStore|iPhoneSimulator.ActiveCfg = Release|x86
		{C0F1E87B-D614-4DA6-B3C3-F31117D2DE0C}.AppStore|iPhoneSimulator.Build.0 = Release|x86
		{C0F1E87B-D614-4DA6-B3C3-F31117D2DE0C}.AppStore|iPhoneSimulator.Deploy.0 = Release|x86
		{C0F1E87B-D614-4DA6-B3C3-F31117D2DE0C}.AppStore|x64.ActiveCfg = Release|x64
		{C0F1E87B-D614-4DA6-B3C3-F31117D2DE0C}.AppStore|x64.Build.0 = Release|x64
		{C0F1E87B-D614-4DA6-B3C3-F31117D2DE0C}.AppStore|x64.Deploy.0 = Release|x64
		{C0F1E87B-D614-4DA6-B3C3-F31117D2DE0C}.AppStore|x86.ActiveCfg = Release|x86
		{C0F1E87B-D614-4DA6-B3C3-F31117D2DE0C}.AppStore|x86.Build.0 = Release|x86
		{C0F1E87B-D614-4DA6-B3C3-F31117D2DE0C}.AppStore|x86.Deploy.0 = Release|x86
		{C0F1E87B-D614-4DA6-B3C3-F31117D2DE0C}.Debug|Any CPU.ActiveCfg = Debug|x86
		{C0F1E87B-D614-4DA6-B3C3-F31117D2DE0C}.Debug|Any CPU.Build.0 = Debug|x86
		{C0F1E87B-D614-4DA6-B3C3-F31117D2DE0C}.Debug|Any CPU.Deploy.0 = Debug|x86
		{C0F1E87B-D614-4DA6-B3C3-F31117D2DE0C}.Debug|ARM.ActiveCfg = Debug|ARM
		{C0F1E87B-D614-4DA6-B3C3-F31117D2DE0C}.Debug|ARM.Build.0 = Debug|ARM
		{C0F1E87B-D614-4DA6-B3C3-F31117D2DE0C}.Debug|ARM.Deploy.0 = Debug|ARM
		{C0F1E87B-D614-4DA6-B3C3-F31117D2DE0C}.Debug|iPhone.ActiveCfg = Debug|x86
		{C0F1E87B-D614-4DA6-B3C3-F31117D2DE0C}.Debug|iPhoneSimulator.ActiveCfg = Debug|x86
		{C0F1E87B-D614-4DA6-B3C3-F31117D2DE0C}.Debug|x64.ActiveCfg = Debug|x64
		{C0F1E87B-D614-4DA6-B3C3-F31117D2DE0C}.Debug|x64.Build.0 = Debug|x64
		{C0F1E87B-D614-4DA6-B3C3-F31117D2DE0C}.Debug|x64.Deploy.0 = Debug|x64
		{C0F1E87B-D614-4DA6-B3C3-F31117D2DE0C}.Debug|x86.ActiveCfg = Debug|x86
		{C0F1E87B-D614-4DA6-B3C3-F31117D2DE0C}.Debug|x86.Build.0 = Debug|x86
		{C0F1E87B-D614-4DA6-B3C3-F31117D2DE0C}.Debug|x86.Deploy.0 = Debug|x86
		{C0F1E87B-D614-4DA6-B3C3-F31117D2DE0C}.Release|Any CPU.ActiveCfg = Release|x86
		{C0F1E87B-D614-4DA6-B3C3-F31117D2DE0C}.Release|ARM.ActiveCfg = Release|ARM
		{C0F1E87B-D614-4DA6-B3C3-F31117D2DE0C}.Release|ARM.Build.0 = Release|ARM
		{C0F1E87B-D614-4DA6-B3C3-F31117D2DE0C}.Release|ARM.Deploy.0 = Release|ARM
		{C0F1E87B-D614-4DA6-B3C3-F31117D2DE0C}.Release|iPhone.ActiveCfg = Release|x86
		{C0F1E87B-D614-4DA6-B3C3-F31117D2DE0C}.Release|iPhoneSimulator.ActiveCfg = Release|x86
		{C0F1E87B-D614-4DA6-B3C3-F31117D2DE0C}.Release|x64.ActiveCfg = Release|x64
		{C0F1E87B-D614-4DA6-B3C3-F31117D2DE0C}.Release|x64.Build.0 = Release|x64
		{C0F1E87B-D614-4DA6-B3C3-F31117D2DE0C}.Release|x64.Deploy.0 = Release|x64
		{C0F1E87B-D614-4DA6-B3C3-F31117D2DE0C}.Release|x86.ActiveCfg = Release|x86
		{C0F1E87B-D614-4DA6-B3C3-F31117D2DE0C}.Release|x86.Build.0 = Release|x86
		{C0F1E87B-D614-4DA6-B3C3-F31117D2DE0C}.Release|x86.Deploy.0 = Release|x86
		{BF3AFD14-2087-41F6-9730-882224C8D4BE}.Ad-Hoc|Any CPU.ActiveCfg = Ad-Hoc|iPhone
		{BF3AFD14-2087-41F6-9730-882224C8D4BE}.Ad-Hoc|ARM.ActiveCfg = Ad-Hoc|iPhone
		{BF3AFD14-2087-41F6-9730-882224C8D4BE}.Ad-Hoc|iPhone.ActiveCfg = Ad-Hoc|iPhone
		{BF3AFD14-2087-41F6-9730-882224C8D4BE}.Ad-Hoc|iPhone.Build.0 = Ad-Hoc|iPhone
		{BF3AFD14-2087-41F6-9730-882224C8D4BE}.Ad-Hoc|iPhoneSimulator.ActiveCfg = Ad-Hoc|iPhoneSimulator
		{BF3AFD14-2087-41F6-9730-882224C8D4BE}.Ad-Hoc|iPhoneSimulator.Build.0 = Ad-Hoc|iPhoneSimulator
		{BF3AFD14-2087-41F6-9730-882224C8D4BE}.Ad-Hoc|x64.ActiveCfg = Ad-Hoc|iPhone
		{BF3AFD14-2087-41F6-9730-882224C8D4BE}.Ad-Hoc|x86.ActiveCfg = Ad-Hoc|iPhone
		{BF3AFD14-2087-41F6-9730-882224C8D4BE}.AppStore|Any CPU.ActiveCfg = AppStore|iPhone
		{BF3AFD14-2087-41F6-9730-882224C8D4BE}.AppStore|ARM.ActiveCfg = AppStore|iPhone
		{BF3AFD14-2087-41F6-9730-882224C8D4BE}.AppStore|iPhone.ActiveCfg = AppStore|iPhone
		{BF3AFD14-2087-41F6-9730-882224C8D4BE}.AppStore|iPhone.Build.0 = AppStore|iPhone
		{BF3AFD14-2087-41F6-9730-882224C8D4BE}.AppStore|iPhoneSimulator.ActiveCfg = AppStore|iPhoneSimulator
		{BF3AFD14-2087-41F6-9730-882224C8D4BE}.AppStore|iPhoneSimulator.Build.0 = AppStore|iPhoneSimulator
		{BF3AFD14-2087-41F6-9730-882224C8D4BE}.AppStore|x64.ActiveCfg = AppStore|iPhone
		{BF3AFD14-2087-41F6-9730-882224C8D4BE}.AppStore|x86.ActiveCfg = AppStore|iPhone
		{BF3AFD14-2087-41F6-9730-882224C8D4BE}.Debug|Any CPU.ActiveCfg = Debug|iPhone
		{BF3AFD14-2087-41F6-9730-882224C8D4BE}.Debug|ARM.ActiveCfg = Debug|iPhone
		{BF3AFD14-2087-41F6-9730-882224C8D4BE}.Debug|iPhone.ActiveCfg = Debug|iPhone
		{BF3AFD14-2087-41F6-9730-882224C8D4BE}.Debug|iPhone.Build.0 = Debug|iPhone
		{BF3AFD14-2087-41F6-9730-882224C8D4BE}.Debug|iPhoneSimulator.ActiveCfg = Debug|iPhoneSimulator
		{BF3AFD14-2087-41F6-9730-882224C8D4BE}.Debug|iPhoneSimulator.Build.0 = Debug|iPhoneSimulator
		{BF3AFD14-2087-41F6-9730-882224C8D4BE}.Debug|x64.ActiveCfg = Debug|iPhone
		{BF3AFD14-2087-41F6-9730-882224C8D4BE}.Debug|x86.ActiveCfg = Debug|iPhone
		{BF3AFD14-2087-41F6-9730-882224C8D4BE}.Release|Any CPU.ActiveCfg = Release|iPhone
		{BF3AFD14-2087-41F6-9730-882224C8D4BE}.Release|ARM.ActiveCfg = Release|iPhone
		{BF3AFD14-2087-41F6-9730-882224C8D4BE}.Release|iPhone.ActiveCfg = Release|iPhone
		{BF3AFD14-2087-41F6-9730-882224C8D4BE}.Release|iPhone.Build.0 = Release|iPhone
		{BF3AFD14-2087-41F6-9730-882224C8D4BE}.Release|iPhoneSimulator.ActiveCfg = Release|iPhoneSimulator
		{BF3AFD14-2087-41F6-9730-882224C8D4BE}.Release|iPhoneSimulator.Build.0 = Release|iPhoneSimulator
		{BF3AFD14-2087-41F6-9730-882224C8D4BE}.Release|x64.ActiveCfg = Release|iPhone
		{BF3AFD14-2087-41F6-9730-882224C8D4BE}.Release|x86.ActiveCfg = Release|iPhone
	EndGlobalSection
	GlobalSection(SolutionProperties) = preSolution
		HideSolutionNode = FALSE
	EndGlobalSection
EndGlobal
